
Microsoft Visual Studio Solution File, Format Version 12.00
# Visual Studio Version 17
VisualStudioVersion = 17.4.33213.308
MinimumVisualStudioVersion = 10.0.40219.1
Project("{FAE04EC0-301F-11D3-BF4B-00C04F79EFBC}") = "itog-yc-proect", "itog-yc-proect\itog-yc-proect.csproj", "{CD49E6E5-AAA9-462B-9700-625DFD43C340}"
EndProject
Project("{54435603-DBB4-11D2-8724-00A0C9A8B90C}") = "Setup1", "Setup1\Setup1.vdproj", "{08BF33D3-15F1-4640-985B-CDD536DEDD22}"
EndProject
Global
	GlobalSection(SolutionConfigurationPlatforms) = preSolution
		Debug|Any CPU = Debug|Any CPU
		Release|Any CPU = Release|Any CPU
	EndGlobalSection
	GlobalSection(ProjectConfigurationPlatforms) = postSolution
		{CD49E6E5-AAA9-462B-9700-625DFD43C340}.Debug|Any CPU.ActiveCfg = Debug|Any CPU
		{CD49E6E5-AAA9-462B-9700-625DFD43C340}.Debug|Any CPU.Build.0 = Debug|Any CPU
		{CD49E6E5-AAA9-462B-9700-625DFD43C340}.Release|Any CPU.ActiveCfg = Release|Any CPU
		{CD49E6E5-AAA9-462B-9700-625DFD43C340}.Release|Any CPU.Build.0 = Release|Any CPU
		{08BF33D3-15F1-4640-985B-CDD536DEDD22}.Debug|Any CPU.ActiveCfg = Debug
		{08BF33D3-15F1-4640-985B-CDD536DEDD22}.Release|Any CPU.ActiveCfg = Release
	EndGlobalSection
	GlobalSection(SolutionProperties) = preSolution
		HideSolutionNode = FALSE
	EndGlobalSection
	GlobalSection(ExtensibilityGlobals) = postSolution
		SolutionGuid = {C53253C1-5248-408E-933C-005AFE43BA98}
	EndGlobalSection
EndGlobal
